// !$*UTF8*$!
{
	archiveVersion = 1;
	classes = {
	};
	objectVersion = 46;
	objects = {

/* Begin PBXBuildFile section */
		3F7794F91C43830000803B23 /* main.m in Sources */ = {isa = PBXBuildFile; fileRef = 3F7794F81C43830000803B23 /* main.m */; };
		3F7795031C43832F00803B23 /* CDOrder.m in Sources */ = {isa = PBXBuildFile; fileRef = 3F7795001C43832F00803B23 /* CDOrder.m */; };
		3F7795041C43832F00803B23 /* CDProduct.m in Sources */ = {isa = PBXBuildFile; fileRef = 3F7795021C43832F00803B23 /* CDProduct.m */; };
		3F77950B1C43838600803B23 /* NSObject+YYModel.m in Sources */ = {isa = PBXBuildFile; fileRef = 3F7795071C43838600803B23 /* NSObject+YYModel.m */; };
		3F77950C1C43838600803B23 /* YYClassInfo.m in Sources */ = {isa = PBXBuildFile; fileRef = 3F7795091C43838600803B23 /* YYClassInfo.m */; };
/* End PBXBuildFile section */

/* Begin PBXCopyFilesBuildPhase section */
		3F7794F31C43830000803B23 /* CopyFiles */ = {
			isa = PBXCopyFilesBuildPhase;
			buildActionMask = 2147483647;
			dstPath = /usr/share/man/man1/;
			dstSubfolderSpec = 0;
			files = (
			);
			runOnlyForDeploymentPostprocessing = 1;
		};
/* End PBXCopyFilesBuildPhase section */

/* Begin PBXFileReference section */
		3F7794F51C43830000803B23 /* Ex05 */ = {isa = PBXFileReference; explicitFileType = "compiled.mach-o.executable"; includeInIndex = 0; path = Ex05; sourceTree = BUILT_PRODUCTS_DIR; };
		3F7794F81C43830000803B23 /* main.m */ = {isa = PBXFileReference; lastKnownFileType = sourcecode.c.objc; path = main.m; sourceTree = "<group>"; };
		3F7794FF1C43832F00803B23 /* CDOrder.h */ = {isa = PBXFileReference; fileEncoding = 4; lastKnownFileType = sourcecode.c.h; path = CDOrder.h; sourceTree = "<group>"; };
		3F7795001C43832F00803B23 /* CDOrder.m */ = {isa = PBXFileReference; fileEncoding = 4; lastKnownFileType = sourcecode.c.objc; path = CDOrder.m; sourceTree = "<group>"; };
		3F7795011C43832F00803B23 /* CDProduct.h */ = {isa = PBXFileReference; fileEncoding = 4; lastKnownFileType = sourcecode.c.h; path = CDProduct.h; sourceTree = "<group>"; };
		3F7795021C43832F00803B23 /* CDProduct.m */ = {isa = PBXFileReference; fileEncoding = 4; lastKnownFileType = sourcecode.c.objc; path = CDProduct.m; sourceTree = "<group>"; };
		3F7795061C43838600803B23 /* NSObject+YYModel.h */ = {isa = PBXFileReference; fileEncoding = 4; lastKnownFileType = sourcecode.c.h; path = "NSObject+YYModel.h"; sourceTree = "<group>"; };
		3F7795071C43838600803B23 /* NSObject+YYModel.m */ = {isa = PBXFileReference; fileEncoding = 4; lastKnownFileType = sourcecode.c.objc; path = "NSObject+YYModel.m"; sourceTree = "<group>"; };
		3F7795081C43838600803B23 /* YYClassInfo.h */ = {isa = PBXFileReference; fileEncoding = 4; lastKnownFileType = sourcecode.c.h; path = YYClassInfo.h; sourceTree = "<group>"; };
		3F7795091C43838600803B23 /* YYClassInfo.m */ = {isa = PBXFileReference; fileEncoding = 4; lastKnownFileType = sourcecode.c.objc; path = YYClassInfo.m; sourceTree = "<group>"; };
		3F77950A1C43838600803B23 /* YYModel.h */ = {isa = PBXFileReference; fileEncoding = 4; lastKnownFileType = sourcecode.c.h; path = YYModel.h; sourceTree = "<group>"; };
/* End PBXFileReference section */

/* Begin PBXFrameworksBuildPhase section */
		3F7794F21C43830000803B23 /* Frameworks */ = {
			isa = PBXFrameworksBuildPhase;
			buildActionMask = 2147483647;
			files = (
			);
			runOnlyForDeploymentPostprocessing = 0;
		};
/* End PBXFrameworksBuildPhase section */

/* Begin PBXGroup section */
		3F7794EC1C43830000803B23 = {
			isa = PBXGroup;
			children = (
				3F7795051C43838600803B23 /* YYModel */,
				3F7794F71C43830000803B23 /* Ex05 */,
				3F7794F61C43830000803B23 /* Products */,
			);
			sourceTree = "<group>";
		};
		3F7794F61C43830000803B23 /* Products */ = {
			isa = PBXGroup;
			children = (
				3F7794F51C43830000803B23 /* Ex05 */,
			);
			name = Products;
			sourceTree = "<group>";
		};
		3F7794F71C43830000803B23 /* Ex05 */ = {
			isa = PBXGroup;
			children = (
				3F7794FF1C43832F00803B23 /* CDOrder.h */,
				3F7795001C43832F00803B23 /* CDOrder.m */,
				3F7795011C43832F00803B23 /* CDProduct.h */,
				3F7795021C43832F00803B23 /* CDProduct.m */,
				3F7794F81C43830000803B23 /* main.m */,
			);
			path = Ex05;
			sourceTree = "<group>";
		};
		3F7795051C43838600803B23 /* YYModel */ = {
			isa = PBXGroup;
			children = (
				3F7795061C43838600803B23 /* NSObject+YYModel.h */,
				3F7795071C43838600803B23 /* NSObject+YYModel.m */,
				3F7795081C43838600803B23 /* YYClassInfo.h */,
				3F7795091C43838600803B23 /* YYClassInfo.m */,
				3F77950A1C43838600803B23 /* YYModel.h */,
			);
			path = YYModel;
			sourceTree = "<group>";
		};
/* End PBXGroup section */

/* Begin PBXNativeTarget section */
		3F7794F41C43830000803B23 /* Ex05 */ = {
			isa = PBXNativeTarget;
			buildConfigurationList = 3F7794FC1C43830000803B23 /* Build configuration list for PBXNativeTarget "Ex05" */;
			buildPhases = (
				3F7794F11C43830000803B23 /* Sources */,
				3F7794F21C43830000803B23 /* Frameworks */,
				3F7794F31C43830000803B23 /* CopyFiles */,
			);
			buildRules = (
			);
			dependencies = (
			);
			name = Ex05;
			productName = Ex05;
			productReference = 3F7794F51C43830000803B23 /* Ex05 */;
			productType = "com.apple.product-type.tool";
		};
/* End PBXNativeTarget section */

/* Begin PBXProject section */
		3F7794ED1C43830000803B23 /* Project object */ = {
			isa = PBXProject;
			attributes = {
				LastUpgradeCheck = 0720;
				ORGANIZATIONNAME = mobiletrain;
				TargetAttributes = {
					3F7794F41C43830000803B23 = {
						CreatedOnToolsVersion = 7.2;
					};
				};
			};
			buildConfigurationList = 3F7794F01C43830000803B23 /* Build configuration list for PBXProject "Ex05" */;
			compatibilityVersion = "Xcode 3.2";
			developmentRegion = English;
			hasScannedForEncodings = 0;
			knownRegions = (
				en,
			);
			mainGroup = 3F7794EC1C43830000803B23;
			productRefGroup = 3F7794F61C43830000803B23 /* Products */;
			projectDirPath = "";
			projectRoot = "";
			targets = (
				3F7794F41C43830000803B23 /* Ex05 */,
			);
		};
/* End PBXProject section */

/* Begin PBXSourcesBuildPhase section */
		3F7794F11C43830000803B23 /* Sources */ = {
			isa = PBXSourcesBuildPhase;
			buildActionMask = 2147483647;
			files = (
				3F7794F91C43830000803B23 /* main.m in Sources */,
				3F7795041C43832F00803B23 /* CDProduct.m in Sources */,
				3F7795031C43832F00803B23 /* CDOrder.m in Sources */,
				3F77950C1C43838600803B23 /* YYClassInfo.m in Sources */,
				3F77950B1C43838600803B23 /* NSObject+YYModel.m in Sources */,
			);
			runOnlyForDeploymentPostprocessing = 0;
		};
/* End PBXSourcesBuildPhase section */

/* Begin XCBuildConfiguration section */
		3F7794FA1C43830000803B23 /* Debug */ = {
			isa = XCBuildConfiguration;
			buildSettings = {
				ALWAYS_SEARCH_USER_PATHS = NO;
				CLANG_CXX_LANGUAGE_STANDARD = "gnu++0x";
				CLANG_CXX_LIBRARY = "libc++";
				CLANG_ENABLE_MODULES = YES;
				CLANG_ENABLE_OBJC_ARC = YES;
				CLANG_WARN_BOOL_CONVERSION = YES;
				CLANG_WARN_CONSTANT_CONVERSION = YES;
				CLANG_WARN_DIRECT_OBJC_ISA_USAGE = YES_ERROR;
				CLANG_WARN_EMPTY_BODY = YES;
				CLANG_WARN_ENUM_CONVERSION = YES;
				CLANG_WARN_INT_CONVERSION = YES;
				CLANG_WARN_OBJC_ROOT_CLASS = YES_ERROR;
				CLANG_WARN_UNREACHABLE_CODE = YES;
				CLANG_WARN__DUPLICATE_METHOD_MATCH = YES;
				CODE_SIGN_IDENTITY = "-";
				COPY_PHASE_STRIP = NO;
				DEBUG_INFORMATION_FORMAT = dwarf;
				ENABLE_STRICT_OBJC_MSGSEND = YES;
				ENABLE_TESTABILITY = YES;
				GCC_C_LANGUAGE_STANDARD = gnu99;
				GCC_DYNAMIC_NO_PIC = NO;
				GCC_NO_COMMON_BLOCKS = YES;
				GCC_OPTIMIZATION_LEVEL = 0;
				GCC_PREPROCESSOR_DEFINITIONS = (
					"DEBUG=1",
					"$(inherited)",
				);
				GCC_WARN_64_TO_32_BIT_CONVERSION = YES;
				GCC_WARN_ABOUT_RETURN_TYPE = YES_ERROR;
				GCC_WARN_UNDECLARED_SELECTOR = YES;
				GCC_WARN_UNINITIALIZED_AUTOS = YES_AGGRESSIVE;
				GCC_WARN_UNUSED_FUNCTION = YES;
				GCC_WARN_UNUSED_VARIABLE = YES;
				MACOSX_DEPLOYMENT_TARGET = 10.10;
				MTL_ENABLE_DEBUG_INFO = YES;
				ONLY_ACTIVE_ARCH = YES;
				SDKROOT = macosx;
			};
			name = Debug;
		};
		3F7794FB1C43830000803B23 /* Release */ = {
			isa = XCBuildConfiguration;
			buildSettings = {
				ALWAYS_SEARCH_USER_PATHS = NO;
				CLANG_CXX_LANGUAGE_STANDARD = "gnu++0x";
				CLANG_CXX_LIBRARY = "libc++";
				CLANG_ENABLE_MODULES = YES;
				CLANG_ENABLE_OBJC_ARC = YES;
				CLANG_WARN_BOOL_CONVERSION = YES;
				CLANG_WARN_CONSTANT_CONVERSION = YES;
				CLANG_WARN_DIRECT_OBJC_ISA_USAGE = YES_ERROR;
				CLANG_WARN_EMPTY_BODY = YES;
				CLANG_WARN_ENUM_CONVERSION = YES;
				CLANG_WARN_INT_CONVERSION = YES;
				CLANG_WARN_OBJC_ROOT_CLASS = YES_ERROR;
				CLANG_WARN_UNREACHABLE_CODE = YES;
				CLANG_WARN__DUPLICATE_METHOD_MATCH = YES;
				CODE_SIGN_IDENTITY = "-";
				COPY_PHASE_STRIP = NO;
				DEBUG_INFORMATION_FORMAT = "dwarf-with-dsym";
				ENABLE_NS_ASSERTIONS = NO;
				ENABLE_STRICT_OBJC_MSGSEND = YES;
				GCC_C_LANGUAGE_STANDARD = gnu99;
				GCC_NO_COMMON_BLOCKS = YES;
				GCC_WARN_64_TO_32_BIT_CONVERSION = YES;
				GCC_WARN_ABOUT_RETURN_TYPE = YES_ERROR;
				GCC_WARN_UNDECLARED_SELECTOR = YES;
				GCC_WARN_UNINITIALIZED_AUTOS = YES_AGGRESSIVE;
				GCC_WARN_UNUSED_FUNCTION = YES;
				GCC_WARN_UNUSED_VARIABLE = YES;
				MACOSX_DEPLOYMENT_TARGET = 10.10;
				MTL_ENABLE_DEBUG_INFO = NO;
				SDKROOT = macosx;
			};
			name = Release;
		};
		3F7794FD1C43830000803B23 /* Debug */ = {
			isa = XCBuildConfiguration;
			buildSettings = {
				PRODUCT_NAME = "$(TARGET_NAME)";
			};
			name = Debug;
		};
		3F7794FE1C43830000803B23 /* Release */ = {
			isa = XCBuildConfiguration;
			buildSettings = {
				PRODUCT_NAME = "$(TARGET_NAME)";
			};
			name = Release;
		};
/* End XCBuildConfiguration section */

/* Begin XCConfigurationList section */
		3F7794F01C43830000803B23 /* Build configuration list for PBXProject "Ex05" */ = {
			isa = XCConfigurationList;
			buildConfigurations = (
				3F7794FA1C43830000803B23 /* Debug */,
				3F7794FB1C43830000803B23 /* Release */,
			);
			defaultConfigurationIsVisible = 0;
			defaultConfigurationName = Release;
		};
		3F7794FC1C43830000803B23 /* Build configuration list for PBXNativeTarget "Ex05" */ = {
			isa = XCConfigurationList;
			buildConfigurations = (
				3F7794FD1C43830000803B23 /* Debug */,
				3F7794FE1C43830000803B23 /* Release */,
			);
			defaultConfigurationIsVisible = 0;
		};
/* End XCConfigurationList section */
	};
	rootObject = 3F7794ED1C43830000803B23 /* Project object */;
}
