// !$*UTF8*$!
{
	archiveVersion = 1;
	classes = {
	};
	objectVersion = 46;
	objects = {

/* Begin PBXBuildFile section */
		3FA0C5871C414F0F00BEA42B /* AppDelegate.swift in Sources */ = {isa = PBXBuildFile; fileRef = 3FA0C5861C414F0F00BEA42B /* AppDelegate.swift */; };
		3FA0C5891C414F0F00BEA42B /* ViewController.swift in Sources */ = {isa = PBXBuildFile; fileRef = 3FA0C5881C414F0F00BEA42B /* ViewController.swift */; };
		3FA0C58C1C414F0F00BEA42B /* Main.storyboard in Resources */ = {isa = PBXBuildFile; fileRef = 3FA0C58A1C414F0F00BEA42B /* Main.storyboard */; };
		3FA0C58E1C414F0F00BEA42B /* Assets.xcassets in Resources */ = {isa = PBXBuildFile; fileRef = 3FA0C58D1C414F0F00BEA42B /* Assets.xcassets */; };
		3FA0C5911C414F0F00BEA42B /* LaunchScreen.storyboard in Resources */ = {isa = PBXBuildFile; fileRef = 3FA0C58F1C414F0F00BEA42B /* LaunchScreen.storyboard */; };
		3FA0C5AA1C414F5300BEA42B /* DDXMLElementAdditions.m in Sources */ = {isa = PBXBuildFile; fileRef = 3FA0C59D1C414F5300BEA42B /* DDXMLElementAdditions.m */; };
		3FA0C5AB1C414F5300BEA42B /* NSString+DDXML.m in Sources */ = {isa = PBXBuildFile; fileRef = 3FA0C5A01C414F5300BEA42B /* NSString+DDXML.m */; };
		3FA0C5AC1C414F5300BEA42B /* DDXMLDocument.m in Sources */ = {isa = PBXBuildFile; fileRef = 3FA0C5A31C414F5300BEA42B /* DDXMLDocument.m */; };
		3FA0C5AD1C414F5300BEA42B /* DDXMLElement.m in Sources */ = {isa = PBXBuildFile; fileRef = 3FA0C5A51C414F5300BEA42B /* DDXMLElement.m */; };
		3FA0C5AE1C414F5300BEA42B /* DDXMLNode.m in Sources */ = {isa = PBXBuildFile; fileRef = 3FA0C5A71C414F5300BEA42B /* DDXMLNode.m */; };
		3FA0C5B01C414FB300BEA42B /* libxml2.2.tbd in Frameworks */ = {isa = PBXBuildFile; fileRef = 3FA0C5AF1C414FB300BEA42B /* libxml2.2.tbd */; };
		3FA0C5B31C4159EE00BEA42B /* RelativeNews.swift in Sources */ = {isa = PBXBuildFile; fileRef = 3FA0C5B21C4159EE00BEA42B /* RelativeNews.swift */; };
		3FA0C5B51C415E8C00BEA42B /* DetailViewController.swift in Sources */ = {isa = PBXBuildFile; fileRef = 3FA0C5B41C415E8C00BEA42B /* DetailViewController.swift */; };
/* End PBXBuildFile section */

/* Begin PBXFileReference section */
		3FA0C5831C414F0F00BEA42B /* Ex02_Swift.app */ = {isa = PBXFileReference; explicitFileType = wrapper.application; includeInIndex = 0; path = Ex02_Swift.app; sourceTree = BUILT_PRODUCTS_DIR; };
		3FA0C5861C414F0F00BEA42B /* AppDelegate.swift */ = {isa = PBXFileReference; lastKnownFileType = sourcecode.swift; path = AppDelegate.swift; sourceTree = "<group>"; };
		3FA0C5881C414F0F00BEA42B /* ViewController.swift */ = {isa = PBXFileReference; lastKnownFileType = sourcecode.swift; path = ViewController.swift; sourceTree = "<group>"; };
		3FA0C58B1C414F0F00BEA42B /* Base */ = {isa = PBXFileReference; lastKnownFileType = file.storyboard; name = Base; path = Base.lproj/Main.storyboard; sourceTree = "<group>"; };
		3FA0C58D1C414F0F00BEA42B /* Assets.xcassets */ = {isa = PBXFileReference; lastKnownFileType = folder.assetcatalog; path = Assets.xcassets; sourceTree = "<group>"; };
		3FA0C5901C414F0F00BEA42B /* Base */ = {isa = PBXFileReference; lastKnownFileType = file.storyboard; name = Base; path = Base.lproj/LaunchScreen.storyboard; sourceTree = "<group>"; };
		3FA0C5921C414F0F00BEA42B /* Info.plist */ = {isa = PBXFileReference; lastKnownFileType = text.plist.xml; path = Info.plist; sourceTree = "<group>"; };
		3FA0C59C1C414F5300BEA42B /* DDXMLElementAdditions.h */ = {isa = PBXFileReference; fileEncoding = 4; lastKnownFileType = sourcecode.c.h; path = DDXMLElementAdditions.h; sourceTree = "<group>"; };
		3FA0C59D1C414F5300BEA42B /* DDXMLElementAdditions.m */ = {isa = PBXFileReference; fileEncoding = 4; lastKnownFileType = sourcecode.c.objc; path = DDXMLElementAdditions.m; sourceTree = "<group>"; };
		3FA0C59F1C414F5300BEA42B /* NSString+DDXML.h */ = {isa = PBXFileReference; fileEncoding = 4; lastKnownFileType = sourcecode.c.h; path = "NSString+DDXML.h"; sourceTree = "<group>"; };
		3FA0C5A01C414F5300BEA42B /* NSString+DDXML.m */ = {isa = PBXFileReference; fileEncoding = 4; lastKnownFileType = sourcecode.c.objc; path = "NSString+DDXML.m"; sourceTree = "<group>"; };
		3FA0C5A11C414F5300BEA42B /* DDXML.h */ = {isa = PBXFileReference; fileEncoding = 4; lastKnownFileType = sourcecode.c.h; path = DDXML.h; sourceTree = "<group>"; };
		3FA0C5A21C414F5300BEA42B /* DDXMLDocument.h */ = {isa = PBXFileReference; fileEncoding = 4; lastKnownFileType = sourcecode.c.h; path = DDXMLDocument.h; sourceTree = "<group>"; };
		3FA0C5A31C414F5300BEA42B /* DDXMLDocument.m */ = {isa = PBXFileReference; fileEncoding = 4; lastKnownFileType = sourcecode.c.objc; path = DDXMLDocument.m; sourceTree = "<group>"; };
		3FA0C5A41C414F5300BEA42B /* DDXMLElement.h */ = {isa = PBXFileReference; fileEncoding = 4; lastKnownFileType = sourcecode.c.h; path = DDXMLElement.h; sourceTree = "<group>"; };
		3FA0C5A51C414F5300BEA42B /* DDXMLElement.m */ = {isa = PBXFileReference; fileEncoding = 4; lastKnownFileType = sourcecode.c.objc; path = DDXMLElement.m; sourceTree = "<group>"; };
		3FA0C5A61C414F5300BEA42B /* DDXMLNode.h */ = {isa = PBXFileReference; fileEncoding = 4; lastKnownFileType = sourcecode.c.h; path = DDXMLNode.h; sourceTree = "<group>"; };
		3FA0C5A71C414F5300BEA42B /* DDXMLNode.m */ = {isa = PBXFileReference; fileEncoding = 4; lastKnownFileType = sourcecode.c.objc; path = DDXMLNode.m; sourceTree = "<group>"; };
		3FA0C5A91C414F5300BEA42B /* DDXMLPrivate.h */ = {isa = PBXFileReference; fileEncoding = 4; lastKnownFileType = sourcecode.c.h; path = DDXMLPrivate.h; sourceTree = "<group>"; };
		3FA0C5AF1C414FB300BEA42B /* libxml2.2.tbd */ = {isa = PBXFileReference; lastKnownFileType = "sourcecode.text-based-dylib-definition"; name = libxml2.2.tbd; path = usr/lib/libxml2.2.tbd; sourceTree = SDKROOT; };
		3FA0C5B11C41545300BEA42B /* bridge.h */ = {isa = PBXFileReference; lastKnownFileType = sourcecode.c.h; path = bridge.h; sourceTree = "<group>"; };
		3FA0C5B21C4159EE00BEA42B /* RelativeNews.swift */ = {isa = PBXFileReference; fileEncoding = 4; lastKnownFileType = sourcecode.swift; path = RelativeNews.swift; sourceTree = "<group>"; };
		3FA0C5B41C415E8C00BEA42B /* DetailViewController.swift */ = {isa = PBXFileReference; fileEncoding = 4; lastKnownFileType = sourcecode.swift; path = DetailViewController.swift; sourceTree = "<group>"; };
/* End PBXFileReference section */

/* Begin PBXFrameworksBuildPhase section */
		3FA0C5801C414F0F00BEA42B /* Frameworks */ = {
			isa = PBXFrameworksBuildPhase;
			buildActionMask = 2147483647;
			files = (
				3FA0C5B01C414FB300BEA42B /* libxml2.2.tbd in Frameworks */,
			);
			runOnlyForDeploymentPostprocessing = 0;
		};
/* End PBXFrameworksBuildPhase section */

/* Begin PBXGroup section */
		3FA0C57A1C414F0F00BEA42B = {
			isa = PBXGroup;
			children = (
				3FA0C5B11C41545300BEA42B /* bridge.h */,
				3FA0C5AF1C414FB300BEA42B /* libxml2.2.tbd */,
				3FA0C59A1C414F5300BEA42B /* KissXML */,
				3FA0C5851C414F0F00BEA42B /* Ex02_Swift */,
				3FA0C5841C414F0F00BEA42B /* Products */,
			);
			sourceTree = "<group>";
		};
		3FA0C5841C414F0F00BEA42B /* Products */ = {
			isa = PBXGroup;
			children = (
				3FA0C5831C414F0F00BEA42B /* Ex02_Swift.app */,
			);
			name = Products;
			sourceTree = "<group>";
		};
		3FA0C5851C414F0F00BEA42B /* Ex02_Swift */ = {
			isa = PBXGroup;
			children = (
				3FA0C5B21C4159EE00BEA42B /* RelativeNews.swift */,
				3FA0C5861C414F0F00BEA42B /* AppDelegate.swift */,
				3FA0C5881C414F0F00BEA42B /* ViewController.swift */,
				3FA0C5B41C415E8C00BEA42B /* DetailViewController.swift */,
				3FA0C58A1C414F0F00BEA42B /* Main.storyboard */,
				3FA0C58D1C414F0F00BEA42B /* Assets.xcassets */,
				3FA0C58F1C414F0F00BEA42B /* LaunchScreen.storyboard */,
				3FA0C5921C414F0F00BEA42B /* Info.plist */,
			);
			path = Ex02_Swift;
			sourceTree = "<group>";
		};
		3FA0C59A1C414F5300BEA42B /* KissXML */ = {
			isa = PBXGroup;
			children = (
				3FA0C59B1C414F5300BEA42B /* Additions */,
				3FA0C59E1C414F5300BEA42B /* Categories */,
				3FA0C5A11C414F5300BEA42B /* DDXML.h */,
				3FA0C5A21C414F5300BEA42B /* DDXMLDocument.h */,
				3FA0C5A31C414F5300BEA42B /* DDXMLDocument.m */,
				3FA0C5A41C414F5300BEA42B /* DDXMLElement.h */,
				3FA0C5A51C414F5300BEA42B /* DDXMLElement.m */,
				3FA0C5A61C414F5300BEA42B /* DDXMLNode.h */,
				3FA0C5A71C414F5300BEA42B /* DDXMLNode.m */,
				3FA0C5A81C414F5300BEA42B /* Private */,
			);
			path = KissXML;
			sourceTree = "<group>";
		};
		3FA0C59B1C414F5300BEA42B /* Additions */ = {
			isa = PBXGroup;
			children = (
				3FA0C59C1C414F5300BEA42B /* DDXMLElementAdditions.h */,
				3FA0C59D1C414F5300BEA42B /* DDXMLElementAdditions.m */,
			);
			path = Additions;
			sourceTree = "<group>";
		};
		3FA0C59E1C414F5300BEA42B /* Categories */ = {
			isa = PBXGroup;
			children = (
				3FA0C59F1C414F5300BEA42B /* NSString+DDXML.h */,
				3FA0C5A01C414F5300BEA42B /* NSString+DDXML.m */,
			);
			path = Categories;
			sourceTree = "<group>";
		};
		3FA0C5A81C414F5300BEA42B /* Private */ = {
			isa = PBXGroup;
			children = (
				3FA0C5A91C414F5300BEA42B /* DDXMLPrivate.h */,
			);
			path = Private;
			sourceTree = "<group>";
		};
/* End PBXGroup section */

/* Begin PBXNativeTarget section */
		3FA0C5821C414F0F00BEA42B /* Ex02_Swift */ = {
			isa = PBXNativeTarget;
			buildConfigurationList = 3FA0C5951C414F0F00BEA42B /* Build configuration list for PBXNativeTarget "Ex02_Swift" */;
			buildPhases = (
				3FA0C57F1C414F0F00BEA42B /* Sources */,
				3FA0C5801C414F0F00BEA42B /* Frameworks */,
				3FA0C5811C414F0F00BEA42B /* Resources */,
			);
			buildRules = (
			);
			dependencies = (
			);
			name = Ex02_Swift;
			productName = Ex02_Swift;
			productReference = 3FA0C5831C414F0F00BEA42B /* Ex02_Swift.app */;
			productType = "com.apple.product-type.application";
		};
/* End PBXNativeTarget section */

/* Begin PBXProject section */
		3FA0C57B1C414F0F00BEA42B /* Project object */ = {
			isa = PBXProject;
			attributes = {
				LastSwiftUpdateCheck = 0720;
				LastUpgradeCheck = 0720;
				ORGANIZATIONNAME = mobiletrain;
				TargetAttributes = {
					3FA0C5821C414F0F00BEA42B = {
						CreatedOnToolsVersion = 7.2;
					};
				};
			};
			buildConfigurationList = 3FA0C57E1C414F0F00BEA42B /* Build configuration list for PBXProject "Ex02_Swift" */;
			compatibilityVersion = "Xcode 3.2";
			developmentRegion = English;
			hasScannedForEncodings = 0;
			knownRegions = (
				en,
				Base,
			);
			mainGroup = 3FA0C57A1C414F0F00BEA42B;
			productRefGroup = 3FA0C5841C414F0F00BEA42B /* Products */;
			projectDirPath = "";
			projectRoot = "";
			targets = (
				3FA0C5821C414F0F00BEA42B /* Ex02_Swift */,
			);
		};
/* End PBXProject section */

/* Begin PBXResourcesBuildPhase section */
		3FA0C5811C414F0F00BEA42B /* Resources */ = {
			isa = PBXResourcesBuildPhase;
			buildActionMask = 2147483647;
			files = (
				3FA0C5911C414F0F00BEA42B /* LaunchScreen.storyboard in Resources */,
				3FA0C58E1C414F0F00BEA42B /* Assets.xcassets in Resources */,
				3FA0C58C1C414F0F00BEA42B /* Main.storyboard in Resources */,
			);
			runOnlyForDeploymentPostprocessing = 0;
		};
/* End PBXResourcesBuildPhase section */

/* Begin PBXSourcesBuildPhase section */
		3FA0C57F1C414F0F00BEA42B /* Sources */ = {
			isa = PBXSourcesBuildPhase;
			buildActionMask = 2147483647;
			files = (
				3FA0C5AA1C414F5300BEA42B /* DDXMLElementAdditions.m in Sources */,
				3FA0C5AD1C414F5300BEA42B /* DDXMLElement.m in Sources */,
				3FA0C5B31C4159EE00BEA42B /* RelativeNews.swift in Sources */,
				3FA0C5891C414F0F00BEA42B /* ViewController.swift in Sources */,
				3FA0C5871C414F0F00BEA42B /* AppDelegate.swift in Sources */,
				3FA0C5AE1C414F5300BEA42B /* DDXMLNode.m in Sources */,
				3FA0C5B51C415E8C00BEA42B /* DetailViewController.swift in Sources */,
				3FA0C5AC1C414F5300BEA42B /* DDXMLDocument.m in Sources */,
				3FA0C5AB1C414F5300BEA42B /* NSString+DDXML.m in Sources */,
			);
			runOnlyForDeploymentPostprocessing = 0;
		};
/* End PBXSourcesBuildPhase section */

/* Begin PBXVariantGroup section */
		3FA0C58A1C414F0F00BEA42B /* Main.storyboard */ = {
			isa = PBXVariantGroup;
			children = (
				3FA0C58B1C414F0F00BEA42B /* Base */,
			);
			name = Main.storyboard;
			sourceTree = "<group>";
		};
		3FA0C58F1C414F0F00BEA42B /* LaunchScreen.storyboard */ = {
			isa = PBXVariantGroup;
			children = (
				3FA0C5901C414F0F00BEA42B /* Base */,
			);
			name = LaunchScreen.storyboard;
			sourceTree = "<group>";
		};
/* End PBXVariantGroup section */

/* Begin XCBuildConfiguration section */
		3FA0C5931C414F0F00BEA42B /* Debug */ = {
			isa = XCBuildConfiguration;
			buildSettings = {
				ALWAYS_SEARCH_USER_PATHS = NO;
				CLANG_CXX_LANGUAGE_STANDARD = "gnu++0x";
				CLANG_CXX_LIBRARY = "libc++";
				CLANG_ENABLE_MODULES = YES;
				CLANG_ENABLE_OBJC_ARC = YES;
				CLANG_WARN_BOOL_CONVERSION = YES;
				CLANG_WARN_CONSTANT_CONVERSION = YES;
				CLANG_WARN_DIRECT_OBJC_ISA_USAGE = YES_ERROR;
				CLANG_WARN_EMPTY_BODY = YES;
				CLANG_WARN_ENUM_CONVERSION = YES;
				CLANG_WARN_INT_CONVERSION = YES;
				CLANG_WARN_OBJC_ROOT_CLASS = YES_ERROR;
				CLANG_WARN_UNREACHABLE_CODE = YES;
				CLANG_WARN__DUPLICATE_METHOD_MATCH = YES;
				"CODE_SIGN_IDENTITY[sdk=iphoneos*]" = "iPhone Developer";
				COPY_PHASE_STRIP = NO;
				DEBUG_INFORMATION_FORMAT = dwarf;
				ENABLE_STRICT_OBJC_MSGSEND = YES;
				ENABLE_TESTABILITY = YES;
				GCC_C_LANGUAGE_STANDARD = gnu99;
				GCC_DYNAMIC_NO_PIC = NO;
				GCC_NO_COMMON_BLOCKS = YES;
				GCC_OPTIMIZATION_LEVEL = 0;
				GCC_PREPROCESSOR_DEFINITIONS = (
					"DEBUG=1",
					"$(inherited)",
				);
				GCC_WARN_64_TO_32_BIT_CONVERSION = YES;
				GCC_WARN_ABOUT_RETURN_TYPE = YES_ERROR;
				GCC_WARN_UNDECLARED_SELECTOR = YES;
				GCC_WARN_UNINITIALIZED_AUTOS = YES_AGGRESSIVE;
				GCC_WARN_UNUSED_FUNCTION = YES;
				GCC_WARN_UNUSED_VARIABLE = YES;
				IPHONEOS_DEPLOYMENT_TARGET = 9.2;
				MTL_ENABLE_DEBUG_INFO = YES;
				ONLY_ACTIVE_ARCH = YES;
				SDKROOT = iphoneos;
				SWIFT_OPTIMIZATION_LEVEL = "-Onone";
			};
			name = Debug;
		};
		3FA0C5941C414F0F00BEA42B /* Release */ = {
			isa = XCBuildConfiguration;
			buildSettings = {
				ALWAYS_SEARCH_USER_PATHS = NO;
				CLANG_CXX_LANGUAGE_STANDARD = "gnu++0x";
				CLANG_CXX_LIBRARY = "libc++";
				CLANG_ENABLE_MODULES = YES;
				CLANG_ENABLE_OBJC_ARC = YES;
				CLANG_WARN_BOOL_CONVERSION = YES;
				CLANG_WARN_CONSTANT_CONVERSION = YES;
				CLANG_WARN_DIRECT_OBJC_ISA_USAGE = YES_ERROR;
				CLANG_WARN_EMPTY_BODY = YES;
				CLANG_WARN_ENUM_CONVERSION = YES;
				CLANG_WARN_INT_CONVERSION = YES;
				CLANG_WARN_OBJC_ROOT_CLASS = YES_ERROR;
				CLANG_WARN_UNREACHABLE_CODE = YES;
				CLANG_WARN__DUPLICATE_METHOD_MATCH = YES;
				"CODE_SIGN_IDENTITY[sdk=iphoneos*]" = "iPhone Developer";
				COPY_PHASE_STRIP = NO;
				DEBUG_INFORMATION_FORMAT = "dwarf-with-dsym";
				ENABLE_NS_ASSERTIONS = NO;
				ENABLE_STRICT_OBJC_MSGSEND = YES;
				GCC_C_LANGUAGE_STANDARD = gnu99;
				GCC_NO_COMMON_BLOCKS = YES;
				GCC_WARN_64_TO_32_BIT_CONVERSION = YES;
				GCC_WARN_ABOUT_RETURN_TYPE = YES_ERROR;
				GCC_WARN_UNDECLARED_SELECTOR = YES;
				GCC_WARN_UNINITIALIZED_AUTOS = YES_AGGRESSIVE;
				GCC_WARN_UNUSED_FUNCTION = YES;
				GCC_WARN_UNUSED_VARIABLE = YES;
				IPHONEOS_DEPLOYMENT_TARGET = 9.2;
				MTL_ENABLE_DEBUG_INFO = NO;
				SDKROOT = iphoneos;
				VALIDATE_PRODUCT = YES;
			};
			name = Release;
		};
		3FA0C5961C414F0F00BEA42B /* Debug */ = {
			isa = XCBuildConfiguration;
			buildSettings = {
				ASSETCATALOG_COMPILER_APPICON_NAME = AppIcon;
				HEADER_SEARCH_PATHS = /usr/include/libxml2;
				INFOPLIST_FILE = Ex02_Swift/Info.plist;
				LD_RUNPATH_SEARCH_PATHS = "$(inherited) @executable_path/Frameworks";
				PRODUCT_BUNDLE_IDENTIFIER = "com.mobiletrain.Ex02-Swift";
				PRODUCT_NAME = "$(TARGET_NAME)";
				SWIFT_OBJC_BRIDGING_HEADER = "$(SRCROOT)/bridge.h";
			};
			name = Debug;
		};
		3FA0C5971C414F0F00BEA42B /* Release */ = {
			isa = XCBuildConfiguration;
			buildSettings = {
				ASSETCATALOG_COMPILER_APPICON_NAME = AppIcon;
				HEADER_SEARCH_PATHS = /usr/include/libxml2;
				INFOPLIST_FILE = Ex02_Swift/Info.plist;
				LD_RUNPATH_SEARCH_PATHS = "$(inherited) @executable_path/Frameworks";
				PRODUCT_BUNDLE_IDENTIFIER = "com.mobiletrain.Ex02-Swift";
				PRODUCT_NAME = "$(TARGET_NAME)";
				SWIFT_OBJC_BRIDGING_HEADER = "$(SRCROOT)/bridge.h";
			};
			name = Release;
		};
/* End XCBuildConfiguration section */

/* Begin XCConfigurationList section */
		3FA0C57E1C414F0F00BEA42B /* Build configuration list for PBXProject "Ex02_Swift" */ = {
			isa = XCConfigurationList;
			buildConfigurations = (
				3FA0C5931C414F0F00BEA42B /* Debug */,
				3FA0C5941C414F0F00BEA42B /* Release */,
			);
			defaultConfigurationIsVisible = 0;
			defaultConfigurationName = Release;
		};
		3FA0C5951C414F0F00BEA42B /* Build configuration list for PBXNativeTarget "Ex02_Swift" */ = {
			isa = XCConfigurationList;
			buildConfigurations = (
				3FA0C5961C414F0F00BEA42B /* Debug */,
				3FA0C5971C414F0F00BEA42B /* Release */,
			);
			defaultConfigurationIsVisible = 0;
		};
/* End XCConfigurationList section */
	};
	rootObject = 3FA0C57B1C414F0F00BEA42B /* Project object */;
}
